
Microsoft Visual Studio Solution File, Format Version 12.00
# Visual Studio 15
VisualStudioVersion = 15.0.28307.168
MinimumVisualStudioVersion = 10.0.40219.1
Project("{FAE04EC0-301F-11D3-BF4B-00C04F79EFBC}") = "EmployerAPI", "EmployerAPI\EmployerAPI.csproj", "{3B265508-29D2-480A-BD4C-4DB14953FE7E}"
	ProjectSection(ProjectDependencies) = postProject
		{4A33BA9E-1EDE-4633-B22D-E62D9937D9DB} = {4A33BA9E-1EDE-4633-B22D-E62D9937D9DB}
		{CE91F9C4-36E3-45D2-BD36-ED3A736836EC} = {CE91F9C4-36E3-45D2-BD36-ED3A736836EC}
	EndProjectSection
EndProject
Project("{FAE04EC0-301F-11D3-BF4B-00C04F79EFBC}") = "EmployerMVC", "EmployerMVC\EmployerMVC.csproj", "{CE91F9C4-36E3-45D2-BD36-ED3A736836EC}"
EndProject
Project("{FAE04EC0-301F-11D3-BF4B-00C04F79EFBC}") = "EmployerModels", "EmployerModels\EmployerModels.csproj", "{4A33BA9E-1EDE-4633-B22D-E62D9937D9DB}"
EndProject
Global
	GlobalSection(SolutionConfigurationPlatforms) = preSolution
		Debug|Any CPU = Debug|Any CPU
		Release|Any CPU = Release|Any CPU
	EndGlobalSection
	GlobalSection(ProjectConfigurationPlatforms) = postSolution
		{3B265508-29D2-480A-BD4C-4DB14953FE7E}.Debug|Any CPU.ActiveCfg = Debug|Any CPU
		{3B265508-29D2-480A-BD4C-4DB14953FE7E}.Debug|Any CPU.Build.0 = Debug|Any CPU
		{3B265508-29D2-480A-BD4C-4DB14953FE7E}.Release|Any CPU.ActiveCfg = Release|Any CPU
		{3B265508-29D2-480A-BD4C-4DB14953FE7E}.Release|Any CPU.Build.0 = Release|Any CPU
		{CE91F9C4-36E3-45D2-BD36-ED3A736836EC}.Debug|Any CPU.ActiveCfg = Debug|Any CPU
		{CE91F9C4-36E3-45D2-BD36-ED3A736836EC}.Debug|Any CPU.Build.0 = Debug|Any CPU
		{CE91F9C4-36E3-45D2-BD36-ED3A736836EC}.Release|Any CPU.ActiveCfg = Release|Any CPU
		{CE91F9C4-36E3-45D2-BD36-ED3A736836EC}.Release|Any CPU.Build.0 = Release|Any CPU
		{4A33BA9E-1EDE-4633-B22D-E62D9937D9DB}.Debug|Any CPU.ActiveCfg = Debug|Any CPU
		{4A33BA9E-1EDE-4633-B22D-E62D9937D9DB}.Debug|Any CPU.Build.0 = Debug|Any CPU
		{4A33BA9E-1EDE-4633-B22D-E62D9937D9DB}.Release|Any CPU.ActiveCfg = Release|Any CPU
		{4A33BA9E-1EDE-4633-B22D-E62D9937D9DB}.Release|Any CPU.Build.0 = Release|Any CPU
	EndGlobalSection
	GlobalSection(SolutionProperties) = preSolution
		HideSolutionNode = FALSE
	EndGlobalSection
	GlobalSection(ExtensibilityGlobals) = postSolution
		SolutionGuid = {114366BA-4005-490E-AF95-99B27800C10A}
	EndGlobalSection
EndGlobal
